
Microsoft Visual Studio Solution File, Format Version 12.00
# Visual Studio Version 17
VisualStudioVersion = 17.5.002.0
MinimumVisualStudioVersion = 10.0.40219.1
Project("{9A19103F-16F7-4668-BE54-9A1E7A4F7556}") = "RazorPageMovie", "RazorPageMovie.csproj", "{530EEF0C-20BB-4D86-A108-BCB15D1F2B19}"
EndProject
Global
	GlobalSection(SolutionConfigurationPlatforms) = preSolution
		Debug|Any CPU = Debug|Any CPU
		Release|Any CPU = Release|Any CPU
	EndGlobalSection
	GlobalSection(ProjectConfigurationPlatforms) = postSolution
		{530EEF0C-20BB-4D86-A108-BCB15D1F2B19}.Debug|Any CPU.ActiveCfg = Debug|Any CPU
		{530EEF0C-20BB-4D86-A108-BCB15D1F2B19}.Debug|Any CPU.Build.0 = Debug|Any CPU
		{530EEF0C-20BB-4D86-A108-BCB15D1F2B19}.Release|Any CPU.ActiveCfg = Release|Any CPU
		{530EEF0C-20BB-4D86-A108-BCB15D1F2B19}.Release|Any CPU.Build.0 = Release|Any CPU
	EndGlobalSection
	GlobalSection(SolutionProperties) = preSolution
		HideSolutionNode = FALSE
	EndGlobalSection
	GlobalSection(ExtensibilityGlobals) = postSolution
		SolutionGuid = {449FE856-9FEE-43F8-B85D-D6E230BA6013}
	EndGlobalSection
EndGlobal
